
Microsoft Visual Studio Solution File, Format Version 12.00
# Visual Studio Version 17
VisualStudioVersion = 17.8.34525.116
MinimumVisualStudioVersion = 10.0.40219.1
Project("{FAE04EC0-301F-11D3-BF4B-00C04F79EFBC}") = "2324_1Y_DSaA_ParseDemo", "2324_1Y_DSaA_ParseDemo\2324_1Y_DSaA_ParseDemo.csproj", "{169AFB93-90AD-4F20-8353-B5B09B624FF2}"
EndProject
Global
	GlobalSection(SolutionConfigurationPlatforms) = preSolution
		Debug|Any CPU = Debug|Any CPU
		Release|Any CPU = Release|Any CPU
	EndGlobalSection
	GlobalSection(ProjectConfigurationPlatforms) = postSolution
		{169AFB93-90AD-4F20-8353-B5B09B624FF2}.Debug|Any CPU.ActiveCfg = Debug|Any CPU
		{169AFB93-90AD-4F20-8353-B5B09B624FF2}.Debug|Any CPU.Build.0 = Debug|Any CPU
		{169AFB93-90AD-4F20-8353-B5B09B624FF2}.Release|Any CPU.ActiveCfg = Release|Any CPU
		{169AFB93-90AD-4F20-8353-B5B09B624FF2}.Release|Any CPU.Build.0 = Release|Any CPU
	EndGlobalSection
	GlobalSection(SolutionProperties) = preSolution
		HideSolutionNode = FALSE
	EndGlobalSection
	GlobalSection(ExtensibilityGlobals) = postSolution
		SolutionGuid = {7E646102-FA76-4E38-BB50-066FE204A394}
	EndGlobalSection
EndGlobal
